// !$*UTF8*$!
{
	archiveVersion = 1;
	classes = {
	};
	objectVersion = 46;
	objects = {

/* Begin PBXBuildFile section */
		17BDD0A91BCFB70B000F6A9B /* main.m in Sources */ = {isa = PBXBuildFile; fileRef = 17BDD0A81BCFB70B000F6A9B /* main.m */; };
		17BDD0AC1BCFB70B000F6A9B /* AIZAppDelegate.m in Sources */ = {isa = PBXBuildFile; fileRef = 17BDD0AB1BCFB70B000F6A9B /* AIZAppDelegate.m */; };
		17BDD0B41BCFB70B000F6A9B /* Images.xcassets in Resources */ = {isa = PBXBuildFile; fileRef = 17BDD0B31BCFB70B000F6A9B /* Images.xcassets */; };
		17BDD0C31BCFB70B000F6A9B /* ch_6_HypnoNerdTests.m in Sources */ = {isa = PBXBuildFile; fileRef = 17BDD0C21BCFB70B000F6A9B /* ch_6_HypnoNerdTests.m */; };
		17BDD0CE1BCFB946000F6A9B /* AIZHypnosisView.m in Sources */ = {isa = PBXBuildFile; fileRef = 17BDD0CD1BCFB946000F6A9B /* AIZHypnosisView.m */; };
		17BDD0D11BCFB98D000F6A9B /* AIZHypnosisViewController.m in Sources */ = {isa = PBXBuildFile; fileRef = 17BDD0D01BCFB98D000F6A9B /* AIZHypnosisViewController.m */; };
/* End PBXBuildFile section */

/* Begin PBXContainerItemProxy section */
		17BDD0BD1BCFB70B000F6A9B /* PBXContainerItemProxy */ = {
			isa = PBXContainerItemProxy;
			containerPortal = 17BDD09B1BCFB70B000F6A9B /* Project object */;
			proxyType = 1;
			remoteGlobalIDString = 17BDD0A21BCFB70B000F6A9B;
			remoteInfo = "ch 6 HypnoNerd";
		};
/* End PBXContainerItemProxy section */

/* Begin PBXFileReference section */
		17BDD0A31BCFB70B000F6A9B /* ch 6 HypnoNerd.app */ = {isa = PBXFileReference; explicitFileType = wrapper.application; includeInIndex = 0; path = "ch 6 HypnoNerd.app"; sourceTree = BUILT_PRODUCTS_DIR; };
		17BDD0A71BCFB70B000F6A9B /* Info.plist */ = {isa = PBXFileReference; lastKnownFileType = text.plist.xml; path = Info.plist; sourceTree = "<group>"; };
		17BDD0A81BCFB70B000F6A9B /* main.m */ = {isa = PBXFileReference; lastKnownFileType = sourcecode.c.objc; path = main.m; sourceTree = "<group>"; };
		17BDD0AA1BCFB70B000F6A9B /* AIZAppDelegate.h */ = {isa = PBXFileReference; lastKnownFileType = sourcecode.c.h; path = AIZAppDelegate.h; sourceTree = "<group>"; };
		17BDD0AB1BCFB70B000F6A9B /* AIZAppDelegate.m */ = {isa = PBXFileReference; lastKnownFileType = sourcecode.c.objc; path = AIZAppDelegate.m; sourceTree = "<group>"; };
		17BDD0B31BCFB70B000F6A9B /* Images.xcassets */ = {isa = PBXFileReference; lastKnownFileType = folder.assetcatalog; path = Images.xcassets; sourceTree = "<group>"; };
		17BDD0BC1BCFB70B000F6A9B /* ch 6 HypnoNerdTests.xctest */ = {isa = PBXFileReference; explicitFileType = wrapper.cfbundle; includeInIndex = 0; path = "ch 6 HypnoNerdTests.xctest"; sourceTree = BUILT_PRODUCTS_DIR; };
		17BDD0C11BCFB70B000F6A9B /* Info.plist */ = {isa = PBXFileReference; lastKnownFileType = text.plist.xml; path = Info.plist; sourceTree = "<group>"; };
		17BDD0C21BCFB70B000F6A9B /* ch_6_HypnoNerdTests.m */ = {isa = PBXFileReference; lastKnownFileType = sourcecode.c.objc; path = ch_6_HypnoNerdTests.m; sourceTree = "<group>"; };
		17BDD0CC1BCFB946000F6A9B /* AIZHypnosisView.h */ = {isa = PBXFileReference; fileEncoding = 4; lastKnownFileType = sourcecode.c.h; path = AIZHypnosisView.h; sourceTree = "<group>"; };
		17BDD0CD1BCFB946000F6A9B /* AIZHypnosisView.m */ = {isa = PBXFileReference; fileEncoding = 4; lastKnownFileType = sourcecode.c.objc; path = AIZHypnosisView.m; sourceTree = "<group>"; };
		17BDD0CF1BCFB98D000F6A9B /* AIZHypnosisViewController.h */ = {isa = PBXFileReference; fileEncoding = 4; lastKnownFileType = sourcecode.c.h; path = AIZHypnosisViewController.h; sourceTree = "<group>"; };
		17BDD0D01BCFB98D000F6A9B /* AIZHypnosisViewController.m */ = {isa = PBXFileReference; fileEncoding = 4; lastKnownFileType = sourcecode.c.objc; path = AIZHypnosisViewController.m; sourceTree = "<group>"; };
/* End PBXFileReference section */

/* Begin PBXFrameworksBuildPhase section */
		17BDD0A01BCFB70B000F6A9B /* Frameworks */ = {
			isa = PBXFrameworksBuildPhase;
			buildActionMask = 2147483647;
			files = (
			);
			runOnlyForDeploymentPostprocessing = 0;
		};
		17BDD0B91BCFB70B000F6A9B /* Frameworks */ = {
			isa = PBXFrameworksBuildPhase;
			buildActionMask = 2147483647;
			files = (
			);
			runOnlyForDeploymentPostprocessing = 0;
		};
/* End PBXFrameworksBuildPhase section */

/* Begin PBXGroup section */
		17BDD09A1BCFB70B000F6A9B = {
			isa = PBXGroup;
			children = (
				17BDD0A51BCFB70B000F6A9B /* ch 6 HypnoNerd */,
				17BDD0BF1BCFB70B000F6A9B /* ch 6 HypnoNerdTests */,
				17BDD0A41BCFB70B000F6A9B /* Products */,
			);
			sourceTree = "<group>";
		};
		17BDD0A41BCFB70B000F6A9B /* Products */ = {
			isa = PBXGroup;
			children = (
				17BDD0A31BCFB70B000F6A9B /* ch 6 HypnoNerd.app */,
				17BDD0BC1BCFB70B000F6A9B /* ch 6 HypnoNerdTests.xctest */,
			);
			name = Products;
			sourceTree = "<group>";
		};
		17BDD0A51BCFB70B000F6A9B /* ch 6 HypnoNerd */ = {
			isa = PBXGroup;
			children = (
				17BDD0AA1BCFB70B000F6A9B /* AIZAppDelegate.h */,
				17BDD0AB1BCFB70B000F6A9B /* AIZAppDelegate.m */,
				17BDD0CC1BCFB946000F6A9B /* AIZHypnosisView.h */,
				17BDD0CD1BCFB946000F6A9B /* AIZHypnosisView.m */,
				17BDD0CF1BCFB98D000F6A9B /* AIZHypnosisViewController.h */,
				17BDD0D01BCFB98D000F6A9B /* AIZHypnosisViewController.m */,
				17BDD0B31BCFB70B000F6A9B /* Images.xcassets */,
				17BDD0A61BCFB70B000F6A9B /* Supporting Files */,
			);
			path = "ch 6 HypnoNerd";
			sourceTree = "<group>";
		};
		17BDD0A61BCFB70B000F6A9B /* Supporting Files */ = {
			isa = PBXGroup;
			children = (
				17BDD0A71BCFB70B000F6A9B /* Info.plist */,
				17BDD0A81BCFB70B000F6A9B /* main.m */,
			);
			name = "Supporting Files";
			sourceTree = "<group>";
		};
		17BDD0BF1BCFB70B000F6A9B /* ch 6 HypnoNerdTests */ = {
			isa = PBXGroup;
			children = (
				17BDD0C21BCFB70B000F6A9B /* ch_6_HypnoNerdTests.m */,
				17BDD0C01BCFB70B000F6A9B /* Supporting Files */,
			);
			path = "ch 6 HypnoNerdTests";
			sourceTree = "<group>";
		};
		17BDD0C01BCFB70B000F6A9B /* Supporting Files */ = {
			isa = PBXGroup;
			children = (
				17BDD0C11BCFB70B000F6A9B /* Info.plist */,
			);
			name = "Supporting Files";
			sourceTree = "<group>";
		};
/* End PBXGroup section */

/* Begin PBXNativeTarget section */
		17BDD0A21BCFB70B000F6A9B /* ch 6 HypnoNerd */ = {
			isa = PBXNativeTarget;
			buildConfigurationList = 17BDD0C61BCFB70B000F6A9B /* Build configuration list for PBXNativeTarget "ch 6 HypnoNerd" */;
			buildPhases = (
				17BDD09F1BCFB70B000F6A9B /* Sources */,
				17BDD0A01BCFB70B000F6A9B /* Frameworks */,
				17BDD0A11BCFB70B000F6A9B /* Resources */,
			);
			buildRules = (
			);
			dependencies = (
			);
			name = "ch 6 HypnoNerd";
			productName = "ch 6 HypnoNerd";
			productReference = 17BDD0A31BCFB70B000F6A9B /* ch 6 HypnoNerd.app */;
			productType = "com.apple.product-type.application";
		};
		17BDD0BB1BCFB70B000F6A9B /* ch 6 HypnoNerdTests */ = {
			isa = PBXNativeTarget;
			buildConfigurationList = 17BDD0C91BCFB70B000F6A9B /* Build configuration list for PBXNativeTarget "ch 6 HypnoNerdTests" */;
			buildPhases = (
				17BDD0B81BCFB70B000F6A9B /* Sources */,
				17BDD0B91BCFB70B000F6A9B /* Frameworks */,
				17BDD0BA1BCFB70B000F6A9B /* Resources */,
			);
			buildRules = (
			);
			dependencies = (
				17BDD0BE1BCFB70B000F6A9B /* PBXTargetDependency */,
			);
			name = "ch 6 HypnoNerdTests";
			productName = "ch 6 HypnoNerdTests";
			productReference = 17BDD0BC1BCFB70B000F6A9B /* ch 6 HypnoNerdTests.xctest */;
			productType = "com.apple.product-type.bundle.unit-test";
		};
/* End PBXNativeTarget section */

/* Begin PBXProject section */
		17BDD09B1BCFB70B000F6A9B /* Project object */ = {
			isa = PBXProject;
			attributes = {
				LastUpgradeCheck = 0640;
				ORGANIZATIONNAME = "Alex Izotov";
				TargetAttributes = {
					17BDD0A21BCFB70B000F6A9B = {
						CreatedOnToolsVersion = 6.4;
					};
					17BDD0BB1BCFB70B000F6A9B = {
						CreatedOnToolsVersion = 6.4;
						TestTargetID = 17BDD0A21BCFB70B000F6A9B;
					};
				};
			};
			buildConfigurationList = 17BDD09E1BCFB70B000F6A9B /* Build configuration list for PBXProject "ch 6 HypnoNerd" */;
			compatibilityVersion = "Xcode 3.2";
			developmentRegion = English;
			hasScannedForEncodings = 0;
			knownRegions = (
				en,
				Base,
			);
			mainGroup = 17BDD09A1BCFB70B000F6A9B;
			productRefGroup = 17BDD0A41BCFB70B000F6A9B /* Products */;
			projectDirPath = "";
			projectRoot = "";
			targets = (
				17BDD0A21BCFB70B000F6A9B /* ch 6 HypnoNerd */,
				17BDD0BB1BCFB70B000F6A9B /* ch 6 HypnoNerdTests */,
			);
		};
/* End PBXProject section */

/* Begin PBXResourcesBuildPhase section */
		17BDD0A11BCFB70B000F6A9B /* Resources */ = {
			isa = PBXResourcesBuildPhase;
			buildActionMask = 2147483647;
			files = (
				17BDD0B41BCFB70B000F6A9B /* Images.xcassets in Resources */,
			);
			runOnlyForDeploymentPostprocessing = 0;
		};
		17BDD0BA1BCFB70B000F6A9B /* Resources */ = {
			isa = PBXResourcesBuildPhase;
			buildActionMask = 2147483647;
			files = (
			);
			runOnlyForDeploymentPostprocessing = 0;
		};
/* End PBXResourcesBuildPhase section */

/* Begin PBXSourcesBuildPhase section */
		17BDD09F1BCFB70B000F6A9B /* Sources */ = {
			isa = PBXSourcesBuildPhase;
			buildActionMask = 2147483647;
			files = (
				17BDD0CE1BCFB946000F6A9B /* AIZHypnosisView.m in Sources */,
				17BDD0AC1BCFB70B000F6A9B /* AIZAppDelegate.m in Sources */,
				17BDD0D11BCFB98D000F6A9B /* AIZHypnosisViewController.m in Sources */,
				17BDD0A91BCFB70B000F6A9B /* main.m in Sources */,
			);
			runOnlyForDeploymentPostprocessing = 0;
		};
		17BDD0B81BCFB70B000F6A9B /* Sources */ = {
			isa = PBXSourcesBuildPhase;
			buildActionMask = 2147483647;
			files = (
				17BDD0C31BCFB70B000F6A9B /* ch_6_HypnoNerdTests.m in Sources */,
			);
			runOnlyForDeploymentPostprocessing = 0;
		};
/* End PBXSourcesBuildPhase section */

/* Begin PBXTargetDependency section */
		17BDD0BE1BCFB70B000F6A9B /* PBXTargetDependency */ = {
			isa = PBXTargetDependency;
			target = 17BDD0A21BCFB70B000F6A9B /* ch 6 HypnoNerd */;
			targetProxy = 17BDD0BD1BCFB70B000F6A9B /* PBXContainerItemProxy */;
		};
/* End PBXTargetDependency section */

/* Begin XCBuildConfiguration section */
		17BDD0C41BCFB70B000F6A9B /* Debug */ = {
			isa = XCBuildConfiguration;
			buildSettings = {
				ALWAYS_SEARCH_USER_PATHS = NO;
				CLANG_CXX_LANGUAGE_STANDARD = "gnu++0x";
				CLANG_CXX_LIBRARY = "libc++";
				CLANG_ENABLE_MODULES = YES;
				CLANG_ENABLE_OBJC_ARC = YES;
				CLANG_WARN_BOOL_CONVERSION = YES;
				CLANG_WARN_CONSTANT_CONVERSION = YES;
				CLANG_WARN_DIRECT_OBJC_ISA_USAGE = YES_ERROR;
				CLANG_WARN_EMPTY_BODY = YES;
				CLANG_WARN_ENUM_CONVERSION = YES;
				CLANG_WARN_INT_CONVERSION = YES;
				CLANG_WARN_OBJC_ROOT_CLASS = YES_ERROR;
				CLANG_WARN_UNREACHABLE_CODE = YES;
				CLANG_WARN__DUPLICATE_METHOD_MATCH = YES;
				"CODE_SIGN_IDENTITY[sdk=iphoneos*]" = "iPhone Developer";
				COPY_PHASE_STRIP = NO;
				DEBUG_INFORMATION_FORMAT = "dwarf-with-dsym";
				ENABLE_STRICT_OBJC_MSGSEND = YES;
				GCC_C_LANGUAGE_STANDARD = gnu99;
				GCC_DYNAMIC_NO_PIC = NO;
				GCC_NO_COMMON_BLOCKS = YES;
				GCC_OPTIMIZATION_LEVEL = 0;
				GCC_PREPROCESSOR_DEFINITIONS = (
					"DEBUG=1",
					"$(inherited)",
				);
				GCC_SYMBOLS_PRIVATE_EXTERN = NO;
				GCC_WARN_64_TO_32_BIT_CONVERSION = YES;
				GCC_WARN_ABOUT_RETURN_TYPE = YES_ERROR;
				GCC_WARN_UNDECLARED_SELECTOR = YES;
				GCC_WARN_UNINITIALIZED_AUTOS = YES_AGGRESSIVE;
				GCC_WARN_UNUSED_FUNCTION = YES;
				GCC_WARN_UNUSED_VARIABLE = YES;
				IPHONEOS_DEPLOYMENT_TARGET = 8.4;
				MTL_ENABLE_DEBUG_INFO = YES;
				ONLY_ACTIVE_ARCH = YES;
				SDKROOT = iphoneos;
			};
			name = Debug;
		};
		17BDD0C51BCFB70B000F6A9B /* Release */ = {
			isa = XCBuildConfiguration;
			buildSettings = {
				ALWAYS_SEARCH_USER_PATHS = NO;
				CLANG_CXX_LANGUAGE_STANDARD = "gnu++0x";
				CLANG_CXX_LIBRARY = "libc++";
				CLANG_ENABLE_MODULES = YES;
				CLANG_ENABLE_OBJC_ARC = YES;
				CLANG_WARN_BOOL_CONVERSION = YES;
				CLANG_WARN_CONSTANT_CONVERSION = YES;
				CLANG_WARN_DIRECT_OBJC_ISA_USAGE = YES_ERROR;
				CLANG_WARN_EMPTY_BODY = YES;
				CLANG_WARN_ENUM_CONVERSION = YES;
				CLANG_WARN_INT_CONVERSION = YES;
				CLANG_WARN_OBJC_ROOT_CLASS = YES_ERROR;
				CLANG_WARN_UNREACHABLE_CODE = YES;
				CLANG_WARN__DUPLICATE_METHOD_MATCH = YES;
				"CODE_SIGN_IDENTITY[sdk=iphoneos*]" = "iPhone Developer";
				COPY_PHASE_STRIP = NO;
				DEBUG_INFORMATION_FORMAT = "dwarf-with-dsym";
				ENABLE_NS_ASSERTIONS = NO;
				ENABLE_STRICT_OBJC_MSGSEND = YES;
				GCC_C_LANGUAGE_STANDARD = gnu99;
				GCC_NO_COMMON_BLOCKS = YES;
				GCC_WARN_64_TO_32_BIT_CONVERSION = YES;
				GCC_WARN_ABOUT_RETURN_TYPE = YES_ERROR;
				GCC_WARN_UNDECLARED_SELECTOR = YES;
				GCC_WARN_UNINITIALIZED_AUTOS = YES_AGGRESSIVE;
				GCC_WARN_UNUSED_FUNCTION = YES;
				GCC_WARN_UNUSED_VARIABLE = YES;
				IPHONEOS_DEPLOYMENT_TARGET = 8.4;
				MTL_ENABLE_DEBUG_INFO = NO;
				SDKROOT = iphoneos;
				VALIDATE_PRODUCT = YES;
			};
			name = Release;
		};
		17BDD0C71BCFB70B000F6A9B /* Debug */ = {
			isa = XCBuildConfiguration;
			buildSettings = {
				ASSETCATALOG_COMPILER_APPICON_NAME = AppIcon;
				INFOPLIST_FILE = "ch 6 HypnoNerd/Info.plist";
				LD_RUNPATH_SEARCH_PATHS = "$(inherited) @executable_path/Frameworks";
				PRODUCT_NAME = "$(TARGET_NAME)";
			};
			name = Debug;
		};
		17BDD0C81BCFB70B000F6A9B /* Release */ = {
			isa = XCBuildConfiguration;
			buildSettings = {
				ASSETCATALOG_COMPILER_APPICON_NAME = AppIcon;
				INFOPLIST_FILE = "ch 6 HypnoNerd/Info.plist";
				LD_RUNPATH_SEARCH_PATHS = "$(inherited) @executable_path/Frameworks";
				PRODUCT_NAME = "$(TARGET_NAME)";
			};
			name = Release;
		};
		17BDD0CA1BCFB70B000F6A9B /* Debug */ = {
			isa = XCBuildConfiguration;
			buildSettings = {
				BUNDLE_LOADER = "$(TEST_HOST)";
				FRAMEWORK_SEARCH_PATHS = (
					"$(SDKROOT)/Developer/Library/Frameworks",
					"$(inherited)",
				);
				GCC_PREPROCESSOR_DEFINITIONS = (
					"DEBUG=1",
					"$(inherited)",
				);
				INFOPLIST_FILE = "ch 6 HypnoNerdTests/Info.plist";
				LD_RUNPATH_SEARCH_PATHS = "$(inherited) @executable_path/Frameworks @loader_path/Frameworks";
				PRODUCT_NAME = "$(TARGET_NAME)";
				TEST_HOST = "$(BUILT_PRODUCTS_DIR)/ch 6 HypnoNerd.app/ch 6 HypnoNerd";
			};
			name = Debug;
		};
		17BDD0CB1BCFB70B000F6A9B /* Release */ = {
			isa = XCBuildConfiguration;
			buildSettings = {
				BUNDLE_LOADER = "$(TEST_HOST)";
				FRAMEWORK_SEARCH_PATHS = (
					"$(SDKROOT)/Developer/Library/Frameworks",
					"$(inherited)",
				);
				INFOPLIST_FILE = "ch 6 HypnoNerdTests/Info.plist";
				LD_RUNPATH_SEARCH_PATHS = "$(inherited) @executable_path/Frameworks @loader_path/Frameworks";
				PRODUCT_NAME = "$(TARGET_NAME)";
				TEST_HOST = "$(BUILT_PRODUCTS_DIR)/ch 6 HypnoNerd.app/ch 6 HypnoNerd";
			};
			name = Release;
		};
/* End XCBuildConfiguration section */

/* Begin XCConfigurationList section */
		17BDD09E1BCFB70B000F6A9B /* Build configuration list for PBXProject "ch 6 HypnoNerd" */ = {
			isa = XCConfigurationList;
			buildConfigurations = (
				17BDD0C41BCFB70B000F6A9B /* Debug */,
				17BDD0C51BCFB70B000F6A9B /* Release */,
			);
			defaultConfigurationIsVisible = 0;
			defaultConfigurationName = Release;
		};
		17BDD0C61BCFB70B000F6A9B /* Build configuration list for PBXNativeTarget "ch 6 HypnoNerd" */ = {
			isa = XCConfigurationList;
			buildConfigurations = (
				17BDD0C71BCFB70B000F6A9B /* Debug */,
				17BDD0C81BCFB70B000F6A9B /* Release */,
			);
			defaultConfigurationIsVisible = 0;
		};
		17BDD0C91BCFB70B000F6A9B /* Build configuration list for PBXNativeTarget "ch 6 HypnoNerdTests" */ = {
			isa = XCConfigurationList;
			buildConfigurations = (
				17BDD0CA1BCFB70B000F6A9B /* Debug */,
				17BDD0CB1BCFB70B000F6A9B /* Release */,
			);
			defaultConfigurationIsVisible = 0;
		};
/* End XCConfigurationList section */
	};
	rootObject = 17BDD09B1BCFB70B000F6A9B /* Project object */;
}
