// !$*UTF8*$!
{
	archiveVersion = 1;
	classes = {
	};
	objectVersion = 46;
	objects = {

/* Begin PBXBuildFile section */
		172AF2501BC71599007F9418 /* main.m in Sources */ = {isa = PBXBuildFile; fileRef = 172AF24F1BC71599007F9418 /* main.m */; };
		172AF2531BC71599007F9418 /* AIAppDelegate.m in Sources */ = {isa = PBXBuildFile; fileRef = 172AF2521BC71599007F9418 /* AIAppDelegate.m */; };
		172AF25B1BC7159A007F9418 /* Images.xcassets in Resources */ = {isa = PBXBuildFile; fileRef = 172AF25A1BC7159A007F9418 /* Images.xcassets */; };
		172AF25E1BC7159A007F9418 /* LaunchScreen.xib in Resources */ = {isa = PBXBuildFile; fileRef = 172AF25C1BC7159A007F9418 /* LaunchScreen.xib */; };
		172AF26A1BC7159A007F9418 /* ch_1_QuizTests.m in Sources */ = {isa = PBXBuildFile; fileRef = 172AF2691BC7159A007F9418 /* ch_1_QuizTests.m */; };
		172AF2761BC71812007F9418 /* AIQuizViewController.m in Sources */ = {isa = PBXBuildFile; fileRef = 172AF2741BC71812007F9418 /* AIQuizViewController.m */; };
		172AF2771BC71812007F9418 /* AIQuizViewController.xib in Resources */ = {isa = PBXBuildFile; fileRef = 172AF2751BC71812007F9418 /* AIQuizViewController.xib */; };
/* End PBXBuildFile section */

/* Begin PBXContainerItemProxy section */
		172AF2641BC7159A007F9418 /* PBXContainerItemProxy */ = {
			isa = PBXContainerItemProxy;
			containerPortal = 172AF2421BC71599007F9418 /* Project object */;
			proxyType = 1;
			remoteGlobalIDString = 172AF2491BC71599007F9418;
			remoteInfo = "ch 1 Quiz";
		};
/* End PBXContainerItemProxy section */

/* Begin PBXFileReference section */
		172AF24A1BC71599007F9418 /* ch 1 Quiz.app */ = {isa = PBXFileReference; explicitFileType = wrapper.application; includeInIndex = 0; path = "ch 1 Quiz.app"; sourceTree = BUILT_PRODUCTS_DIR; };
		172AF24E1BC71599007F9418 /* Info.plist */ = {isa = PBXFileReference; lastKnownFileType = text.plist.xml; path = Info.plist; sourceTree = "<group>"; };
		172AF24F1BC71599007F9418 /* main.m */ = {isa = PBXFileReference; lastKnownFileType = sourcecode.c.objc; path = main.m; sourceTree = "<group>"; };
		172AF2511BC71599007F9418 /* AIAppDelegate.h */ = {isa = PBXFileReference; lastKnownFileType = sourcecode.c.h; path = AIAppDelegate.h; sourceTree = "<group>"; };
		172AF2521BC71599007F9418 /* AIAppDelegate.m */ = {isa = PBXFileReference; lastKnownFileType = sourcecode.c.objc; path = AIAppDelegate.m; sourceTree = "<group>"; };
		172AF25A1BC7159A007F9418 /* Images.xcassets */ = {isa = PBXFileReference; lastKnownFileType = folder.assetcatalog; path = Images.xcassets; sourceTree = "<group>"; };
		172AF25D1BC7159A007F9418 /* Base */ = {isa = PBXFileReference; lastKnownFileType = file.xib; name = Base; path = Base.lproj/LaunchScreen.xib; sourceTree = "<group>"; };
		172AF2631BC7159A007F9418 /* ch 1 QuizTests.xctest */ = {isa = PBXFileReference; explicitFileType = wrapper.cfbundle; includeInIndex = 0; path = "ch 1 QuizTests.xctest"; sourceTree = BUILT_PRODUCTS_DIR; };
		172AF2681BC7159A007F9418 /* Info.plist */ = {isa = PBXFileReference; lastKnownFileType = text.plist.xml; path = Info.plist; sourceTree = "<group>"; };
		172AF2691BC7159A007F9418 /* ch_1_QuizTests.m */ = {isa = PBXFileReference; lastKnownFileType = sourcecode.c.objc; path = ch_1_QuizTests.m; sourceTree = "<group>"; };
		172AF2731BC71812007F9418 /* AIQuizViewController.h */ = {isa = PBXFileReference; fileEncoding = 4; lastKnownFileType = sourcecode.c.h; path = AIQuizViewController.h; sourceTree = "<group>"; };
		172AF2741BC71812007F9418 /* AIQuizViewController.m */ = {isa = PBXFileReference; fileEncoding = 4; lastKnownFileType = sourcecode.c.objc; path = AIQuizViewController.m; sourceTree = "<group>"; };
		172AF2751BC71812007F9418 /* AIQuizViewController.xib */ = {isa = PBXFileReference; fileEncoding = 4; lastKnownFileType = file.xib; path = AIQuizViewController.xib; sourceTree = "<group>"; };
/* End PBXFileReference section */

/* Begin PBXFrameworksBuildPhase section */
		172AF2471BC71599007F9418 /* Frameworks */ = {
			isa = PBXFrameworksBuildPhase;
			buildActionMask = 2147483647;
			files = (
			);
			runOnlyForDeploymentPostprocessing = 0;
		};
		172AF2601BC7159A007F9418 /* Frameworks */ = {
			isa = PBXFrameworksBuildPhase;
			buildActionMask = 2147483647;
			files = (
			);
			runOnlyForDeploymentPostprocessing = 0;
		};
/* End PBXFrameworksBuildPhase section */

/* Begin PBXGroup section */
		170208A51BC9157E00A2175B /* Controllers */ = {
			isa = PBXGroup;
			children = (
				172AF2731BC71812007F9418 /* AIQuizViewController.h */,
				172AF2741BC71812007F9418 /* AIQuizViewController.m */,
			);
			name = Controllers;
			sourceTree = "<group>";
		};
		170208A61BC9158500A2175B /* Views */ = {
			isa = PBXGroup;
			children = (
				172AF2751BC71812007F9418 /* AIQuizViewController.xib */,
				172AF25C1BC7159A007F9418 /* LaunchScreen.xib */,
			);
			name = Views;
			sourceTree = "<group>";
		};
		172AF2411BC71599007F9418 = {
			isa = PBXGroup;
			children = (
				172AF24C1BC71599007F9418 /* ch 1 Quiz */,
				172AF2661BC7159A007F9418 /* ch 1 QuizTests */,
				172AF24B1BC71599007F9418 /* Products */,
			);
			sourceTree = "<group>";
		};
		172AF24B1BC71599007F9418 /* Products */ = {
			isa = PBXGroup;
			children = (
				172AF24A1BC71599007F9418 /* ch 1 Quiz.app */,
				172AF2631BC7159A007F9418 /* ch 1 QuizTests.xctest */,
			);
			name = Products;
			sourceTree = "<group>";
		};
		172AF24C1BC71599007F9418 /* ch 1 Quiz */ = {
			isa = PBXGroup;
			children = (
				172AF2511BC71599007F9418 /* AIAppDelegate.h */,
				172AF2521BC71599007F9418 /* AIAppDelegate.m */,
				170208A51BC9157E00A2175B /* Controllers */,
				170208A61BC9158500A2175B /* Views */,
				172AF25A1BC7159A007F9418 /* Images.xcassets */,
				172AF24D1BC71599007F9418 /* Supporting Files */,
			);
			path = "ch 1 Quiz";
			sourceTree = "<group>";
		};
		172AF24D1BC71599007F9418 /* Supporting Files */ = {
			isa = PBXGroup;
			children = (
				172AF24E1BC71599007F9418 /* Info.plist */,
				172AF24F1BC71599007F9418 /* main.m */,
			);
			name = "Supporting Files";
			sourceTree = "<group>";
		};
		172AF2661BC7159A007F9418 /* ch 1 QuizTests */ = {
			isa = PBXGroup;
			children = (
				172AF2691BC7159A007F9418 /* ch_1_QuizTests.m */,
				172AF2671BC7159A007F9418 /* Supporting Files */,
			);
			path = "ch 1 QuizTests";
			sourceTree = "<group>";
		};
		172AF2671BC7159A007F9418 /* Supporting Files */ = {
			isa = PBXGroup;
			children = (
				172AF2681BC7159A007F9418 /* Info.plist */,
			);
			name = "Supporting Files";
			sourceTree = "<group>";
		};
/* End PBXGroup section */

/* Begin PBXNativeTarget section */
		172AF2491BC71599007F9418 /* ch 1 Quiz */ = {
			isa = PBXNativeTarget;
			buildConfigurationList = 172AF26D1BC7159A007F9418 /* Build configuration list for PBXNativeTarget "ch 1 Quiz" */;
			buildPhases = (
				172AF2461BC71599007F9418 /* Sources */,
				172AF2471BC71599007F9418 /* Frameworks */,
				172AF2481BC71599007F9418 /* Resources */,
			);
			buildRules = (
			);
			dependencies = (
			);
			name = "ch 1 Quiz";
			productName = "ch 1 Quiz";
			productReference = 172AF24A1BC71599007F9418 /* ch 1 Quiz.app */;
			productType = "com.apple.product-type.application";
		};
		172AF2621BC7159A007F9418 /* ch 1 QuizTests */ = {
			isa = PBXNativeTarget;
			buildConfigurationList = 172AF2701BC7159A007F9418 /* Build configuration list for PBXNativeTarget "ch 1 QuizTests" */;
			buildPhases = (
				172AF25F1BC7159A007F9418 /* Sources */,
				172AF2601BC7159A007F9418 /* Frameworks */,
				172AF2611BC7159A007F9418 /* Resources */,
			);
			buildRules = (
			);
			dependencies = (
				172AF2651BC7159A007F9418 /* PBXTargetDependency */,
			);
			name = "ch 1 QuizTests";
			productName = "ch 1 QuizTests";
			productReference = 172AF2631BC7159A007F9418 /* ch 1 QuizTests.xctest */;
			productType = "com.apple.product-type.bundle.unit-test";
		};
/* End PBXNativeTarget section */

/* Begin PBXProject section */
		172AF2421BC71599007F9418 /* Project object */ = {
			isa = PBXProject;
			attributes = {
				LastUpgradeCheck = 0640;
				ORGANIZATIONNAME = "Alex Izotov";
				TargetAttributes = {
					172AF2491BC71599007F9418 = {
						CreatedOnToolsVersion = 6.4;
					};
					172AF2621BC7159A007F9418 = {
						CreatedOnToolsVersion = 6.4;
						TestTargetID = 172AF2491BC71599007F9418;
					};
				};
			};
			buildConfigurationList = 172AF2451BC71599007F9418 /* Build configuration list for PBXProject "ch 1 Quiz" */;
			compatibilityVersion = "Xcode 3.2";
			developmentRegion = English;
			hasScannedForEncodings = 0;
			knownRegions = (
				en,
				Base,
			);
			mainGroup = 172AF2411BC71599007F9418;
			productRefGroup = 172AF24B1BC71599007F9418 /* Products */;
			projectDirPath = "";
			projectRoot = "";
			targets = (
				172AF2491BC71599007F9418 /* ch 1 Quiz */,
				172AF2621BC7159A007F9418 /* ch 1 QuizTests */,
			);
		};
/* End PBXProject section */

/* Begin PBXResourcesBuildPhase section */
		172AF2481BC71599007F9418 /* Resources */ = {
			isa = PBXResourcesBuildPhase;
			buildActionMask = 2147483647;
			files = (
				172AF25E1BC7159A007F9418 /* LaunchScreen.xib in Resources */,
				172AF25B1BC7159A007F9418 /* Images.xcassets in Resources */,
				172AF2771BC71812007F9418 /* AIQuizViewController.xib in Resources */,
			);
			runOnlyForDeploymentPostprocessing = 0;
		};
		172AF2611BC7159A007F9418 /* Resources */ = {
			isa = PBXResourcesBuildPhase;
			buildActionMask = 2147483647;
			files = (
			);
			runOnlyForDeploymentPostprocessing = 0;
		};
/* End PBXResourcesBuildPhase section */

/* Begin PBXSourcesBuildPhase section */
		172AF2461BC71599007F9418 /* Sources */ = {
			isa = PBXSourcesBuildPhase;
			buildActionMask = 2147483647;
			files = (
				172AF2531BC71599007F9418 /* AIAppDelegate.m in Sources */,
				172AF2761BC71812007F9418 /* AIQuizViewController.m in Sources */,
				172AF2501BC71599007F9418 /* main.m in Sources */,
			);
			runOnlyForDeploymentPostprocessing = 0;
		};
		172AF25F1BC7159A007F9418 /* Sources */ = {
			isa = PBXSourcesBuildPhase;
			buildActionMask = 2147483647;
			files = (
				172AF26A1BC7159A007F9418 /* ch_1_QuizTests.m in Sources */,
			);
			runOnlyForDeploymentPostprocessing = 0;
		};
/* End PBXSourcesBuildPhase section */

/* Begin PBXTargetDependency section */
		172AF2651BC7159A007F9418 /* PBXTargetDependency */ = {
			isa = PBXTargetDependency;
			target = 172AF2491BC71599007F9418 /* ch 1 Quiz */;
			targetProxy = 172AF2641BC7159A007F9418 /* PBXContainerItemProxy */;
		};
/* End PBXTargetDependency section */

/* Begin PBXVariantGroup section */
		172AF25C1BC7159A007F9418 /* LaunchScreen.xib */ = {
			isa = PBXVariantGroup;
			children = (
				172AF25D1BC7159A007F9418 /* Base */,
			);
			name = LaunchScreen.xib;
			sourceTree = "<group>";
		};
/* End PBXVariantGroup section */

/* Begin XCBuildConfiguration section */
		172AF26B1BC7159A007F9418 /* Debug */ = {
			isa = XCBuildConfiguration;
			buildSettings = {
				ALWAYS_SEARCH_USER_PATHS = NO;
				CLANG_CXX_LANGUAGE_STANDARD = "gnu++0x";
				CLANG_CXX_LIBRARY = "libc++";
				CLANG_ENABLE_MODULES = YES;
				CLANG_ENABLE_OBJC_ARC = YES;
				CLANG_WARN_BOOL_CONVERSION = YES;
				CLANG_WARN_CONSTANT_CONVERSION = YES;
				CLANG_WARN_DIRECT_OBJC_ISA_USAGE = YES_ERROR;
				CLANG_WARN_EMPTY_BODY = YES;
				CLANG_WARN_ENUM_CONVERSION = YES;
				CLANG_WARN_INT_CONVERSION = YES;
				CLANG_WARN_OBJC_ROOT_CLASS = YES_ERROR;
				CLANG_WARN_UNREACHABLE_CODE = YES;
				CLANG_WARN__DUPLICATE_METHOD_MATCH = YES;
				"CODE_SIGN_IDENTITY[sdk=iphoneos*]" = "iPhone Developer";
				COPY_PHASE_STRIP = NO;
				DEBUG_INFORMATION_FORMAT = "dwarf-with-dsym";
				ENABLE_STRICT_OBJC_MSGSEND = YES;
				GCC_C_LANGUAGE_STANDARD = gnu99;
				GCC_DYNAMIC_NO_PIC = NO;
				GCC_NO_COMMON_BLOCKS = YES;
				GCC_OPTIMIZATION_LEVEL = 0;
				GCC_PREPROCESSOR_DEFINITIONS = (
					"DEBUG=1",
					"$(inherited)",
				);
				GCC_SYMBOLS_PRIVATE_EXTERN = NO;
				GCC_WARN_64_TO_32_BIT_CONVERSION = YES;
				GCC_WARN_ABOUT_RETURN_TYPE = YES_ERROR;
				GCC_WARN_UNDECLARED_SELECTOR = YES;
				GCC_WARN_UNINITIALIZED_AUTOS = YES_AGGRESSIVE;
				GCC_WARN_UNUSED_FUNCTION = YES;
				GCC_WARN_UNUSED_VARIABLE = YES;
				IPHONEOS_DEPLOYMENT_TARGET = 8.4;
				MTL_ENABLE_DEBUG_INFO = YES;
				ONLY_ACTIVE_ARCH = YES;
				SDKROOT = iphoneos;
				TARGETED_DEVICE_FAMILY = "1,2";
			};
			name = Debug;
		};
		172AF26C1BC7159A007F9418 /* Release */ = {
			isa = XCBuildConfiguration;
			buildSettings = {
				ALWAYS_SEARCH_USER_PATHS = NO;
				CLANG_CXX_LANGUAGE_STANDARD = "gnu++0x";
				CLANG_CXX_LIBRARY = "libc++";
				CLANG_ENABLE_MODULES = YES;
				CLANG_ENABLE_OBJC_ARC = YES;
				CLANG_WARN_BOOL_CONVERSION = YES;
				CLANG_WARN_CONSTANT_CONVERSION = YES;
				CLANG_WARN_DIRECT_OBJC_ISA_USAGE = YES_ERROR;
				CLANG_WARN_EMPTY_BODY = YES;
				CLANG_WARN_ENUM_CONVERSION = YES;
				CLANG_WARN_INT_CONVERSION = YES;
				CLANG_WARN_OBJC_ROOT_CLASS = YES_ERROR;
				CLANG_WARN_UNREACHABLE_CODE = YES;
				CLANG_WARN__DUPLICATE_METHOD_MATCH = YES;
				"CODE_SIGN_IDENTITY[sdk=iphoneos*]" = "iPhone Developer";
				COPY_PHASE_STRIP = NO;
				DEBUG_INFORMATION_FORMAT = "dwarf-with-dsym";
				ENABLE_NS_ASSERTIONS = NO;
				ENABLE_STRICT_OBJC_MSGSEND = YES;
				GCC_C_LANGUAGE_STANDARD = gnu99;
				GCC_NO_COMMON_BLOCKS = YES;
				GCC_WARN_64_TO_32_BIT_CONVERSION = YES;
				GCC_WARN_ABOUT_RETURN_TYPE = YES_ERROR;
				GCC_WARN_UNDECLARED_SELECTOR = YES;
				GCC_WARN_UNINITIALIZED_AUTOS = YES_AGGRESSIVE;
				GCC_WARN_UNUSED_FUNCTION = YES;
				GCC_WARN_UNUSED_VARIABLE = YES;
				IPHONEOS_DEPLOYMENT_TARGET = 8.4;
				MTL_ENABLE_DEBUG_INFO = NO;
				SDKROOT = iphoneos;
				TARGETED_DEVICE_FAMILY = "1,2";
				VALIDATE_PRODUCT = YES;
			};
			name = Release;
		};
		172AF26E1BC7159A007F9418 /* Debug */ = {
			isa = XCBuildConfiguration;
			buildSettings = {
				ASSETCATALOG_COMPILER_APPICON_NAME = AppIcon;
				INFOPLIST_FILE = "ch 1 Quiz/Info.plist";
				LD_RUNPATH_SEARCH_PATHS = "$(inherited) @executable_path/Frameworks";
				PRODUCT_NAME = "$(TARGET_NAME)";
			};
			name = Debug;
		};
		172AF26F1BC7159A007F9418 /* Release */ = {
			isa = XCBuildConfiguration;
			buildSettings = {
				ASSETCATALOG_COMPILER_APPICON_NAME = AppIcon;
				INFOPLIST_FILE = "ch 1 Quiz/Info.plist";
				LD_RUNPATH_SEARCH_PATHS = "$(inherited) @executable_path/Frameworks";
				PRODUCT_NAME = "$(TARGET_NAME)";
			};
			name = Release;
		};
		172AF2711BC7159A007F9418 /* Debug */ = {
			isa = XCBuildConfiguration;
			buildSettings = {
				BUNDLE_LOADER = "$(TEST_HOST)";
				FRAMEWORK_SEARCH_PATHS = (
					"$(SDKROOT)/Developer/Library/Frameworks",
					"$(inherited)",
				);
				GCC_PREPROCESSOR_DEFINITIONS = (
					"DEBUG=1",
					"$(inherited)",
				);
				INFOPLIST_FILE = "ch 1 QuizTests/Info.plist";
				LD_RUNPATH_SEARCH_PATHS = "$(inherited) @executable_path/Frameworks @loader_path/Frameworks";
				PRODUCT_NAME = "$(TARGET_NAME)";
				TEST_HOST = "$(BUILT_PRODUCTS_DIR)/ch 1 Quiz.app/ch 1 Quiz";
			};
			name = Debug;
		};
		172AF2721BC7159A007F9418 /* Release */ = {
			isa = XCBuildConfiguration;
			buildSettings = {
				BUNDLE_LOADER = "$(TEST_HOST)";
				FRAMEWORK_SEARCH_PATHS = (
					"$(SDKROOT)/Developer/Library/Frameworks",
					"$(inherited)",
				);
				INFOPLIST_FILE = "ch 1 QuizTests/Info.plist";
				LD_RUNPATH_SEARCH_PATHS = "$(inherited) @executable_path/Frameworks @loader_path/Frameworks";
				PRODUCT_NAME = "$(TARGET_NAME)";
				TEST_HOST = "$(BUILT_PRODUCTS_DIR)/ch 1 Quiz.app/ch 1 Quiz";
			};
			name = Release;
		};
/* End XCBuildConfiguration section */

/* Begin XCConfigurationList section */
		172AF2451BC71599007F9418 /* Build configuration list for PBXProject "ch 1 Quiz" */ = {
			isa = XCConfigurationList;
			buildConfigurations = (
				172AF26B1BC7159A007F9418 /* Debug */,
				172AF26C1BC7159A007F9418 /* Release */,
			);
			defaultConfigurationIsVisible = 0;
			defaultConfigurationName = Release;
		};
		172AF26D1BC7159A007F9418 /* Build configuration list for PBXNativeTarget "ch 1 Quiz" */ = {
			isa = XCConfigurationList;
			buildConfigurations = (
				172AF26E1BC7159A007F9418 /* Debug */,
				172AF26F1BC7159A007F9418 /* Release */,
			);
			defaultConfigurationIsVisible = 0;
			defaultConfigurationName = Release;
		};
		172AF2701BC7159A007F9418 /* Build configuration list for PBXNativeTarget "ch 1 QuizTests" */ = {
			isa = XCConfigurationList;
			buildConfigurations = (
				172AF2711BC7159A007F9418 /* Debug */,
				172AF2721BC7159A007F9418 /* Release */,
			);
			defaultConfigurationIsVisible = 0;
			defaultConfigurationName = Release;
		};
/* End XCConfigurationList section */
	};
	rootObject = 172AF2421BC71599007F9418 /* Project object */;
}
