// !$*UTF8*$!
{
	archiveVersion = 1;
	classes = {
	};
	objectVersion = 46;
	objects = {

/* Begin PBXBuildFile section */
		1762980B1BF0BB2F00AB33D4 /* main.m in Sources */ = {isa = PBXBuildFile; fileRef = 1762980A1BF0BB2F00AB33D4 /* main.m */; };
		1762980E1BF0BB2F00AB33D4 /* AIZAppDelegate.m in Sources */ = {isa = PBXBuildFile; fileRef = 1762980D1BF0BB2F00AB33D4 /* AIZAppDelegate.m */; };
		176298161BF0BB2F00AB33D4 /* Images.xcassets in Resources */ = {isa = PBXBuildFile; fileRef = 176298151BF0BB2F00AB33D4 /* Images.xcassets */; };
		176298191BF0BB2F00AB33D4 /* LaunchScreen.xib in Resources */ = {isa = PBXBuildFile; fileRef = 176298171BF0BB2F00AB33D4 /* LaunchScreen.xib */; };
		176298251BF0BB2F00AB33D4 /* ch_12_TouchTrackerTests.m in Sources */ = {isa = PBXBuildFile; fileRef = 176298241BF0BB2F00AB33D4 /* ch_12_TouchTrackerTests.m */; };
		176298301BF0BC1B00AB33D4 /* AIZLine.m in Sources */ = {isa = PBXBuildFile; fileRef = 1762982F1BF0BC1B00AB33D4 /* AIZLine.m */; };
		176298331BF0BCEB00AB33D4 /* AIZDrawView.m in Sources */ = {isa = PBXBuildFile; fileRef = 176298321BF0BCEB00AB33D4 /* AIZDrawView.m */; };
		176298361BF0BD5F00AB33D4 /* AIZDrawViewController.m in Sources */ = {isa = PBXBuildFile; fileRef = 176298351BF0BD5F00AB33D4 /* AIZDrawViewController.m */; };
/* End PBXBuildFile section */

/* Begin PBXContainerItemProxy section */
		1762981F1BF0BB2F00AB33D4 /* PBXContainerItemProxy */ = {
			isa = PBXContainerItemProxy;
			containerPortal = 176297FD1BF0BB2F00AB33D4 /* Project object */;
			proxyType = 1;
			remoteGlobalIDString = 176298041BF0BB2F00AB33D4;
			remoteInfo = "ch 12 TouchTracker";
		};
/* End PBXContainerItemProxy section */

/* Begin PBXFileReference section */
		176298051BF0BB2F00AB33D4 /* ch 12 TouchTracker.app */ = {isa = PBXFileReference; explicitFileType = wrapper.application; includeInIndex = 0; path = "ch 12 TouchTracker.app"; sourceTree = BUILT_PRODUCTS_DIR; };
		176298091BF0BB2F00AB33D4 /* Info.plist */ = {isa = PBXFileReference; lastKnownFileType = text.plist.xml; path = Info.plist; sourceTree = "<group>"; };
		1762980A1BF0BB2F00AB33D4 /* main.m */ = {isa = PBXFileReference; lastKnownFileType = sourcecode.c.objc; path = main.m; sourceTree = "<group>"; };
		1762980C1BF0BB2F00AB33D4 /* AIZAppDelegate.h */ = {isa = PBXFileReference; lastKnownFileType = sourcecode.c.h; path = AIZAppDelegate.h; sourceTree = "<group>"; };
		1762980D1BF0BB2F00AB33D4 /* AIZAppDelegate.m */ = {isa = PBXFileReference; lastKnownFileType = sourcecode.c.objc; path = AIZAppDelegate.m; sourceTree = "<group>"; };
		176298151BF0BB2F00AB33D4 /* Images.xcassets */ = {isa = PBXFileReference; lastKnownFileType = folder.assetcatalog; path = Images.xcassets; sourceTree = "<group>"; };
		176298181BF0BB2F00AB33D4 /* Base */ = {isa = PBXFileReference; lastKnownFileType = file.xib; name = Base; path = Base.lproj/LaunchScreen.xib; sourceTree = "<group>"; };
		1762981E1BF0BB2F00AB33D4 /* ch 12 TouchTrackerTests.xctest */ = {isa = PBXFileReference; explicitFileType = wrapper.cfbundle; includeInIndex = 0; path = "ch 12 TouchTrackerTests.xctest"; sourceTree = BUILT_PRODUCTS_DIR; };
		176298231BF0BB2F00AB33D4 /* Info.plist */ = {isa = PBXFileReference; lastKnownFileType = text.plist.xml; path = Info.plist; sourceTree = "<group>"; };
		176298241BF0BB2F00AB33D4 /* ch_12_TouchTrackerTests.m */ = {isa = PBXFileReference; lastKnownFileType = sourcecode.c.objc; path = ch_12_TouchTrackerTests.m; sourceTree = "<group>"; };
		1762982E1BF0BC1B00AB33D4 /* AIZLine.h */ = {isa = PBXFileReference; fileEncoding = 4; lastKnownFileType = sourcecode.c.h; path = AIZLine.h; sourceTree = "<group>"; };
		1762982F1BF0BC1B00AB33D4 /* AIZLine.m */ = {isa = PBXFileReference; fileEncoding = 4; lastKnownFileType = sourcecode.c.objc; path = AIZLine.m; sourceTree = "<group>"; };
		176298311BF0BCEB00AB33D4 /* AIZDrawView.h */ = {isa = PBXFileReference; fileEncoding = 4; lastKnownFileType = sourcecode.c.h; path = AIZDrawView.h; sourceTree = "<group>"; };
		176298321BF0BCEB00AB33D4 /* AIZDrawView.m */ = {isa = PBXFileReference; fileEncoding = 4; lastKnownFileType = sourcecode.c.objc; path = AIZDrawView.m; sourceTree = "<group>"; };
		176298341BF0BD5F00AB33D4 /* AIZDrawViewController.h */ = {isa = PBXFileReference; fileEncoding = 4; lastKnownFileType = sourcecode.c.h; path = AIZDrawViewController.h; sourceTree = "<group>"; };
		176298351BF0BD5F00AB33D4 /* AIZDrawViewController.m */ = {isa = PBXFileReference; fileEncoding = 4; lastKnownFileType = sourcecode.c.objc; path = AIZDrawViewController.m; sourceTree = "<group>"; };
/* End PBXFileReference section */

/* Begin PBXFrameworksBuildPhase section */
		176298021BF0BB2F00AB33D4 /* Frameworks */ = {
			isa = PBXFrameworksBuildPhase;
			buildActionMask = 2147483647;
			files = (
			);
			runOnlyForDeploymentPostprocessing = 0;
		};
		1762981B1BF0BB2F00AB33D4 /* Frameworks */ = {
			isa = PBXFrameworksBuildPhase;
			buildActionMask = 2147483647;
			files = (
			);
			runOnlyForDeploymentPostprocessing = 0;
		};
/* End PBXFrameworksBuildPhase section */

/* Begin PBXGroup section */
		176297FC1BF0BB2F00AB33D4 = {
			isa = PBXGroup;
			children = (
				176298071BF0BB2F00AB33D4 /* ch 12 TouchTracker */,
				176298211BF0BB2F00AB33D4 /* ch 12 TouchTrackerTests */,
				176298061BF0BB2F00AB33D4 /* Products */,
			);
			sourceTree = "<group>";
		};
		176298061BF0BB2F00AB33D4 /* Products */ = {
			isa = PBXGroup;
			children = (
				176298051BF0BB2F00AB33D4 /* ch 12 TouchTracker.app */,
				1762981E1BF0BB2F00AB33D4 /* ch 12 TouchTrackerTests.xctest */,
			);
			name = Products;
			sourceTree = "<group>";
		};
		176298071BF0BB2F00AB33D4 /* ch 12 TouchTracker */ = {
			isa = PBXGroup;
			children = (
				1762980C1BF0BB2F00AB33D4 /* AIZAppDelegate.h */,
				1762980D1BF0BB2F00AB33D4 /* AIZAppDelegate.m */,
				176298151BF0BB2F00AB33D4 /* Images.xcassets */,
				176298171BF0BB2F00AB33D4 /* LaunchScreen.xib */,
				176298081BF0BB2F00AB33D4 /* Supporting Files */,
				1762982E1BF0BC1B00AB33D4 /* AIZLine.h */,
				1762982F1BF0BC1B00AB33D4 /* AIZLine.m */,
				176298311BF0BCEB00AB33D4 /* AIZDrawView.h */,
				176298321BF0BCEB00AB33D4 /* AIZDrawView.m */,
				176298341BF0BD5F00AB33D4 /* AIZDrawViewController.h */,
				176298351BF0BD5F00AB33D4 /* AIZDrawViewController.m */,
			);
			path = "ch 12 TouchTracker";
			sourceTree = "<group>";
		};
		176298081BF0BB2F00AB33D4 /* Supporting Files */ = {
			isa = PBXGroup;
			children = (
				176298091BF0BB2F00AB33D4 /* Info.plist */,
				1762980A1BF0BB2F00AB33D4 /* main.m */,
			);
			name = "Supporting Files";
			sourceTree = "<group>";
		};
		176298211BF0BB2F00AB33D4 /* ch 12 TouchTrackerTests */ = {
			isa = PBXGroup;
			children = (
				176298241BF0BB2F00AB33D4 /* ch_12_TouchTrackerTests.m */,
				176298221BF0BB2F00AB33D4 /* Supporting Files */,
			);
			path = "ch 12 TouchTrackerTests";
			sourceTree = "<group>";
		};
		176298221BF0BB2F00AB33D4 /* Supporting Files */ = {
			isa = PBXGroup;
			children = (
				176298231BF0BB2F00AB33D4 /* Info.plist */,
			);
			name = "Supporting Files";
			sourceTree = "<group>";
		};
/* End PBXGroup section */

/* Begin PBXNativeTarget section */
		176298041BF0BB2F00AB33D4 /* ch 12 TouchTracker */ = {
			isa = PBXNativeTarget;
			buildConfigurationList = 176298281BF0BB2F00AB33D4 /* Build configuration list for PBXNativeTarget "ch 12 TouchTracker" */;
			buildPhases = (
				176298011BF0BB2F00AB33D4 /* Sources */,
				176298021BF0BB2F00AB33D4 /* Frameworks */,
				176298031BF0BB2F00AB33D4 /* Resources */,
			);
			buildRules = (
			);
			dependencies = (
			);
			name = "ch 12 TouchTracker";
			productName = "ch 12 TouchTracker";
			productReference = 176298051BF0BB2F00AB33D4 /* ch 12 TouchTracker.app */;
			productType = "com.apple.product-type.application";
		};
		1762981D1BF0BB2F00AB33D4 /* ch 12 TouchTrackerTests */ = {
			isa = PBXNativeTarget;
			buildConfigurationList = 1762982B1BF0BB2F00AB33D4 /* Build configuration list for PBXNativeTarget "ch 12 TouchTrackerTests" */;
			buildPhases = (
				1762981A1BF0BB2F00AB33D4 /* Sources */,
				1762981B1BF0BB2F00AB33D4 /* Frameworks */,
				1762981C1BF0BB2F00AB33D4 /* Resources */,
			);
			buildRules = (
			);
			dependencies = (
				176298201BF0BB2F00AB33D4 /* PBXTargetDependency */,
			);
			name = "ch 12 TouchTrackerTests";
			productName = "ch 12 TouchTrackerTests";
			productReference = 1762981E1BF0BB2F00AB33D4 /* ch 12 TouchTrackerTests.xctest */;
			productType = "com.apple.product-type.bundle.unit-test";
		};
/* End PBXNativeTarget section */

/* Begin PBXProject section */
		176297FD1BF0BB2F00AB33D4 /* Project object */ = {
			isa = PBXProject;
			attributes = {
				LastUpgradeCheck = 0640;
				ORGANIZATIONNAME = "Alex Izotov";
				TargetAttributes = {
					176298041BF0BB2F00AB33D4 = {
						CreatedOnToolsVersion = 6.4;
					};
					1762981D1BF0BB2F00AB33D4 = {
						CreatedOnToolsVersion = 6.4;
						TestTargetID = 176298041BF0BB2F00AB33D4;
					};
				};
			};
			buildConfigurationList = 176298001BF0BB2F00AB33D4 /* Build configuration list for PBXProject "ch 12 TouchTracker" */;
			compatibilityVersion = "Xcode 3.2";
			developmentRegion = English;
			hasScannedForEncodings = 0;
			knownRegions = (
				en,
				Base,
			);
			mainGroup = 176297FC1BF0BB2F00AB33D4;
			productRefGroup = 176298061BF0BB2F00AB33D4 /* Products */;
			projectDirPath = "";
			projectRoot = "";
			targets = (
				176298041BF0BB2F00AB33D4 /* ch 12 TouchTracker */,
				1762981D1BF0BB2F00AB33D4 /* ch 12 TouchTrackerTests */,
			);
		};
/* End PBXProject section */

/* Begin PBXResourcesBuildPhase section */
		176298031BF0BB2F00AB33D4 /* Resources */ = {
			isa = PBXResourcesBuildPhase;
			buildActionMask = 2147483647;
			files = (
				176298191BF0BB2F00AB33D4 /* LaunchScreen.xib in Resources */,
				176298161BF0BB2F00AB33D4 /* Images.xcassets in Resources */,
			);
			runOnlyForDeploymentPostprocessing = 0;
		};
		1762981C1BF0BB2F00AB33D4 /* Resources */ = {
			isa = PBXResourcesBuildPhase;
			buildActionMask = 2147483647;
			files = (
			);
			runOnlyForDeploymentPostprocessing = 0;
		};
/* End PBXResourcesBuildPhase section */

/* Begin PBXSourcesBuildPhase section */
		176298011BF0BB2F00AB33D4 /* Sources */ = {
			isa = PBXSourcesBuildPhase;
			buildActionMask = 2147483647;
			files = (
				1762980E1BF0BB2F00AB33D4 /* AIZAppDelegate.m in Sources */,
				176298361BF0BD5F00AB33D4 /* AIZDrawViewController.m in Sources */,
				176298331BF0BCEB00AB33D4 /* AIZDrawView.m in Sources */,
				176298301BF0BC1B00AB33D4 /* AIZLine.m in Sources */,
				1762980B1BF0BB2F00AB33D4 /* main.m in Sources */,
			);
			runOnlyForDeploymentPostprocessing = 0;
		};
		1762981A1BF0BB2F00AB33D4 /* Sources */ = {
			isa = PBXSourcesBuildPhase;
			buildActionMask = 2147483647;
			files = (
				176298251BF0BB2F00AB33D4 /* ch_12_TouchTrackerTests.m in Sources */,
			);
			runOnlyForDeploymentPostprocessing = 0;
		};
/* End PBXSourcesBuildPhase section */

/* Begin PBXTargetDependency section */
		176298201BF0BB2F00AB33D4 /* PBXTargetDependency */ = {
			isa = PBXTargetDependency;
			target = 176298041BF0BB2F00AB33D4 /* ch 12 TouchTracker */;
			targetProxy = 1762981F1BF0BB2F00AB33D4 /* PBXContainerItemProxy */;
		};
/* End PBXTargetDependency section */

/* Begin PBXVariantGroup section */
		176298171BF0BB2F00AB33D4 /* LaunchScreen.xib */ = {
			isa = PBXVariantGroup;
			children = (
				176298181BF0BB2F00AB33D4 /* Base */,
			);
			name = LaunchScreen.xib;
			sourceTree = "<group>";
		};
/* End PBXVariantGroup section */

/* Begin XCBuildConfiguration section */
		176298261BF0BB2F00AB33D4 /* Debug */ = {
			isa = XCBuildConfiguration;
			buildSettings = {
				ALWAYS_SEARCH_USER_PATHS = NO;
				CLANG_CXX_LANGUAGE_STANDARD = "gnu++0x";
				CLANG_CXX_LIBRARY = "libc++";
				CLANG_ENABLE_MODULES = YES;
				CLANG_ENABLE_OBJC_ARC = YES;
				CLANG_WARN_BOOL_CONVERSION = YES;
				CLANG_WARN_CONSTANT_CONVERSION = YES;
				CLANG_WARN_DIRECT_OBJC_ISA_USAGE = YES_ERROR;
				CLANG_WARN_EMPTY_BODY = YES;
				CLANG_WARN_ENUM_CONVERSION = YES;
				CLANG_WARN_INT_CONVERSION = YES;
				CLANG_WARN_OBJC_ROOT_CLASS = YES_ERROR;
				CLANG_WARN_UNREACHABLE_CODE = YES;
				CLANG_WARN__DUPLICATE_METHOD_MATCH = YES;
				"CODE_SIGN_IDENTITY[sdk=iphoneos*]" = "iPhone Developer";
				COPY_PHASE_STRIP = NO;
				DEBUG_INFORMATION_FORMAT = "dwarf-with-dsym";
				ENABLE_STRICT_OBJC_MSGSEND = YES;
				GCC_C_LANGUAGE_STANDARD = gnu99;
				GCC_DYNAMIC_NO_PIC = NO;
				GCC_NO_COMMON_BLOCKS = YES;
				GCC_OPTIMIZATION_LEVEL = 0;
				GCC_PREPROCESSOR_DEFINITIONS = (
					"DEBUG=1",
					"$(inherited)",
				);
				GCC_SYMBOLS_PRIVATE_EXTERN = NO;
				GCC_WARN_64_TO_32_BIT_CONVERSION = YES;
				GCC_WARN_ABOUT_RETURN_TYPE = YES_ERROR;
				GCC_WARN_UNDECLARED_SELECTOR = YES;
				GCC_WARN_UNINITIALIZED_AUTOS = YES_AGGRESSIVE;
				GCC_WARN_UNUSED_FUNCTION = YES;
				GCC_WARN_UNUSED_VARIABLE = YES;
				IPHONEOS_DEPLOYMENT_TARGET = 8.4;
				MTL_ENABLE_DEBUG_INFO = YES;
				ONLY_ACTIVE_ARCH = YES;
				SDKROOT = iphoneos;
			};
			name = Debug;
		};
		176298271BF0BB2F00AB33D4 /* Release */ = {
			isa = XCBuildConfiguration;
			buildSettings = {
				ALWAYS_SEARCH_USER_PATHS = NO;
				CLANG_CXX_LANGUAGE_STANDARD = "gnu++0x";
				CLANG_CXX_LIBRARY = "libc++";
				CLANG_ENABLE_MODULES = YES;
				CLANG_ENABLE_OBJC_ARC = YES;
				CLANG_WARN_BOOL_CONVERSION = YES;
				CLANG_WARN_CONSTANT_CONVERSION = YES;
				CLANG_WARN_DIRECT_OBJC_ISA_USAGE = YES_ERROR;
				CLANG_WARN_EMPTY_BODY = YES;
				CLANG_WARN_ENUM_CONVERSION = YES;
				CLANG_WARN_INT_CONVERSION = YES;
				CLANG_WARN_OBJC_ROOT_CLASS = YES_ERROR;
				CLANG_WARN_UNREACHABLE_CODE = YES;
				CLANG_WARN__DUPLICATE_METHOD_MATCH = YES;
				"CODE_SIGN_IDENTITY[sdk=iphoneos*]" = "iPhone Developer";
				COPY_PHASE_STRIP = NO;
				DEBUG_INFORMATION_FORMAT = "dwarf-with-dsym";
				ENABLE_NS_ASSERTIONS = NO;
				ENABLE_STRICT_OBJC_MSGSEND = YES;
				GCC_C_LANGUAGE_STANDARD = gnu99;
				GCC_NO_COMMON_BLOCKS = YES;
				GCC_WARN_64_TO_32_BIT_CONVERSION = YES;
				GCC_WARN_ABOUT_RETURN_TYPE = YES_ERROR;
				GCC_WARN_UNDECLARED_SELECTOR = YES;
				GCC_WARN_UNINITIALIZED_AUTOS = YES_AGGRESSIVE;
				GCC_WARN_UNUSED_FUNCTION = YES;
				GCC_WARN_UNUSED_VARIABLE = YES;
				IPHONEOS_DEPLOYMENT_TARGET = 8.4;
				MTL_ENABLE_DEBUG_INFO = NO;
				SDKROOT = iphoneos;
				VALIDATE_PRODUCT = YES;
			};
			name = Release;
		};
		176298291BF0BB2F00AB33D4 /* Debug */ = {
			isa = XCBuildConfiguration;
			buildSettings = {
				ASSETCATALOG_COMPILER_APPICON_NAME = AppIcon;
				INFOPLIST_FILE = "ch 12 TouchTracker/Info.plist";
				LD_RUNPATH_SEARCH_PATHS = "$(inherited) @executable_path/Frameworks";
				PRODUCT_NAME = "$(TARGET_NAME)";
			};
			name = Debug;
		};
		1762982A1BF0BB2F00AB33D4 /* Release */ = {
			isa = XCBuildConfiguration;
			buildSettings = {
				ASSETCATALOG_COMPILER_APPICON_NAME = AppIcon;
				INFOPLIST_FILE = "ch 12 TouchTracker/Info.plist";
				LD_RUNPATH_SEARCH_PATHS = "$(inherited) @executable_path/Frameworks";
				PRODUCT_NAME = "$(TARGET_NAME)";
			};
			name = Release;
		};
		1762982C1BF0BB2F00AB33D4 /* Debug */ = {
			isa = XCBuildConfiguration;
			buildSettings = {
				BUNDLE_LOADER = "$(TEST_HOST)";
				FRAMEWORK_SEARCH_PATHS = (
					"$(SDKROOT)/Developer/Library/Frameworks",
					"$(inherited)",
				);
				GCC_PREPROCESSOR_DEFINITIONS = (
					"DEBUG=1",
					"$(inherited)",
				);
				INFOPLIST_FILE = "ch 12 TouchTrackerTests/Info.plist";
				LD_RUNPATH_SEARCH_PATHS = "$(inherited) @executable_path/Frameworks @loader_path/Frameworks";
				PRODUCT_NAME = "$(TARGET_NAME)";
				TEST_HOST = "$(BUILT_PRODUCTS_DIR)/ch 12 TouchTracker.app/ch 12 TouchTracker";
			};
			name = Debug;
		};
		1762982D1BF0BB2F00AB33D4 /* Release */ = {
			isa = XCBuildConfiguration;
			buildSettings = {
				BUNDLE_LOADER = "$(TEST_HOST)";
				FRAMEWORK_SEARCH_PATHS = (
					"$(SDKROOT)/Developer/Library/Frameworks",
					"$(inherited)",
				);
				INFOPLIST_FILE = "ch 12 TouchTrackerTests/Info.plist";
				LD_RUNPATH_SEARCH_PATHS = "$(inherited) @executable_path/Frameworks @loader_path/Frameworks";
				PRODUCT_NAME = "$(TARGET_NAME)";
				TEST_HOST = "$(BUILT_PRODUCTS_DIR)/ch 12 TouchTracker.app/ch 12 TouchTracker";
			};
			name = Release;
		};
/* End XCBuildConfiguration section */

/* Begin XCConfigurationList section */
		176298001BF0BB2F00AB33D4 /* Build configuration list for PBXProject "ch 12 TouchTracker" */ = {
			isa = XCConfigurationList;
			buildConfigurations = (
				176298261BF0BB2F00AB33D4 /* Debug */,
				176298271BF0BB2F00AB33D4 /* Release */,
			);
			defaultConfigurationIsVisible = 0;
			defaultConfigurationName = Release;
		};
		176298281BF0BB2F00AB33D4 /* Build configuration list for PBXNativeTarget "ch 12 TouchTracker" */ = {
			isa = XCConfigurationList;
			buildConfigurations = (
				176298291BF0BB2F00AB33D4 /* Debug */,
				1762982A1BF0BB2F00AB33D4 /* Release */,
			);
			defaultConfigurationIsVisible = 0;
		};
		1762982B1BF0BB2F00AB33D4 /* Build configuration list for PBXNativeTarget "ch 12 TouchTrackerTests" */ = {
			isa = XCConfigurationList;
			buildConfigurations = (
				1762982C1BF0BB2F00AB33D4 /* Debug */,
				1762982D1BF0BB2F00AB33D4 /* Release */,
			);
			defaultConfigurationIsVisible = 0;
		};
/* End XCConfigurationList section */
	};
	rootObject = 176297FD1BF0BB2F00AB33D4 /* Project object */;
}
